
Microsoft Visual Studio Solution File, Format Version 12.00
# Visual Studio Version 17
VisualStudioVersion = 17.9.34607.119
MinimumVisualStudioVersion = 10.0.40219.1
Project("{FAE04EC0-301F-11D3-BF4B-00C04F79EFBC}") = "Pandemic Board Game Bono", "Pandemic Board Game Bono\Pandemic Board Game Bono.csproj", "{5EA62530-819B-4636-A16D-8EC59F4E6432}"
EndProject
Global
	GlobalSection(SolutionConfigurationPlatforms) = preSolution
		Debug|Any CPU = Debug|Any CPU
		Release|Any CPU = Release|Any CPU
	EndGlobalSection
	GlobalSection(ProjectConfigurationPlatforms) = postSolution
		{5EA62530-819B-4636-A16D-8EC59F4E6432}.Debug|Any CPU.ActiveCfg = Debug|Any CPU
		{5EA62530-819B-4636-A16D-8EC59F4E6432}.Debug|Any CPU.Build.0 = Debug|Any CPU
		{5EA62530-819B-4636-A16D-8EC59F4E6432}.Release|Any CPU.ActiveCfg = Release|Any CPU
		{5EA62530-819B-4636-A16D-8EC59F4E6432}.Release|Any CPU.Build.0 = Release|Any CPU
	EndGlobalSection
	GlobalSection(SolutionProperties) = preSolution
		HideSolutionNode = FALSE
	EndGlobalSection
	GlobalSection(ExtensibilityGlobals) = postSolution
		SolutionGuid = {6F478E10-6866-462C-B005-89056A8DF114}
	EndGlobalSection
EndGlobal
